
Microsoft Visual Studio Solution File, Format Version 12.00
# Visual Studio 15
VisualStudioVersion = 15.0.28307.168
MinimumVisualStudioVersion = 10.0.40219.1
Project("{9A19103F-16F7-4668-BE54-9A1E7A4F7556}") = "VipcoMaintenance", "VipcoMaintenance.csproj", "{DE7DD0B5-59CF-4D20-B535-28C30F692EEB}"
EndProject
Global
	GlobalSection(SolutionConfigurationPlatforms) = preSolution
		Debug|Any CPU = Debug|Any CPU
		Release|Any CPU = Release|Any CPU
	EndGlobalSection
	GlobalSection(ProjectConfigurationPlatforms) = postSolution
		{DE7DD0B5-59CF-4D20-B535-28C30F692EEB}.Debug|Any CPU.ActiveCfg = Debug|Any CPU
		{DE7DD0B5-59CF-4D20-B535-28C30F692EEB}.Debug|Any CPU.Build.0 = Debug|Any CPU
		{DE7DD0B5-59CF-4D20-B535-28C30F692EEB}.Release|Any CPU.ActiveCfg = Release|Any CPU
		{DE7DD0B5-59CF-4D20-B535-28C30F692EEB}.Release|Any CPU.Build.0 = Release|Any CPU
	EndGlobalSection
	GlobalSection(SolutionProperties) = preSolution
		HideSolutionNode = FALSE
	EndGlobalSection
	GlobalSection(ExtensibilityGlobals) = postSolution
		SolutionGuid = {BDD09415-34BD-478C-8872-03C85AB0B62E}
	EndGlobalSection
EndGlobal
